// !$*UTF8*$!
{
	archiveVersion = 1;
	classes = {
	};
	objectVersion = 50;
	objects = {

/* Begin PBXBuildFile section */
		6B7B012C22F7FC9D003D603E /* AppDelegate.swift in Sources */ = {isa = PBXBuildFile; fileRef = 6B7B012B22F7FC9D003D603E /* AppDelegate.swift */; };
		6B7B012E22F7FC9D003D603E /* ViewController.swift in Sources */ = {isa = PBXBuildFile; fileRef = 6B7B012D22F7FC9D003D603E /* ViewController.swift */; };
		6B7B013122F7FC9D003D603E /* Main.storyboard in Resources */ = {isa = PBXBuildFile; fileRef = 6B7B012F22F7FC9D003D603E /* Main.storyboard */; };
		6B7B013322F7FC9E003D603E /* Assets.xcassets in Resources */ = {isa = PBXBuildFile; fileRef = 6B7B013222F7FC9E003D603E /* Assets.xcassets */; };
		6B7B013622F7FC9E003D603E /* LaunchScreen.storyboard in Resources */ = {isa = PBXBuildFile; fileRef = 6B7B013422F7FC9E003D603E /* LaunchScreen.storyboard */; };
		6B7B014122F7FC9E003D603E /* TestDemoTests.swift in Sources */ = {isa = PBXBuildFile; fileRef = 6B7B014022F7FC9E003D603E /* TestDemoTests.swift */; };
		6B7B014C22F7FC9E003D603E /* TestDemoUITests.swift in Sources */ = {isa = PBXBuildFile; fileRef = 6B7B014B22F7FC9E003D603E /* TestDemoUITests.swift */; };
/* End PBXBuildFile section */

/* Begin PBXContainerItemProxy section */
		6B7B013D22F7FC9E003D603E /* PBXContainerItemProxy */ = {
			isa = PBXContainerItemProxy;
			containerPortal = 6B7B012022F7FC9D003D603E /* Project object */;
			proxyType = 1;
			remoteGlobalIDString = 6B7B012722F7FC9D003D603E;
			remoteInfo = TestDemo;
		};
		6B7B014822F7FC9E003D603E /* PBXContainerItemProxy */ = {
			isa = PBXContainerItemProxy;
			containerPortal = 6B7B012022F7FC9D003D603E /* Project object */;
			proxyType = 1;
			remoteGlobalIDString = 6B7B012722F7FC9D003D603E;
			remoteInfo = TestDemo;
		};
/* End PBXContainerItemProxy section */

/* Begin PBXFileReference section */
		6B7B012822F7FC9D003D603E /* TestDemo.app */ = {isa = PBXFileReference; explicitFileType = wrapper.application; includeInIndex = 0; path = TestDemo.app; sourceTree = BUILT_PRODUCTS_DIR; };
		6B7B012B22F7FC9D003D603E /* AppDelegate.swift */ = {isa = PBXFileReference; lastKnownFileType = sourcecode.swift; path = AppDelegate.swift; sourceTree = "<group>"; };
		6B7B012D22F7FC9D003D603E /* ViewController.swift */ = {isa = PBXFileReference; lastKnownFileType = sourcecode.swift; path = ViewController.swift; sourceTree = "<group>"; };
		6B7B013022F7FC9D003D603E /* Base */ = {isa = PBXFileReference; lastKnownFileType = file.storyboard; name = Base; path = Base.lproj/Main.storyboard; sourceTree = "<group>"; };
		6B7B013222F7FC9E003D603E /* Assets.xcassets */ = {isa = PBXFileReference; lastKnownFileType = folder.assetcatalog; path = Assets.xcassets; sourceTree = "<group>"; };
		6B7B013522F7FC9E003D603E /* Base */ = {isa = PBXFileReference; lastKnownFileType = file.storyboard; name = Base; path = Base.lproj/LaunchScreen.storyboard; sourceTree = "<group>"; };
		6B7B013722F7FC9E003D603E /* Info.plist */ = {isa = PBXFileReference; lastKnownFileType = text.plist.xml; path = Info.plist; sourceTree = "<group>"; };
		6B7B013C22F7FC9E003D603E /* TestDemoTests.xctest */ = {isa = PBXFileReference; explicitFileType = wrapper.cfbundle; includeInIndex = 0; path = TestDemoTests.xctest; sourceTree = BUILT_PRODUCTS_DIR; };
		6B7B014022F7FC9E003D603E /* TestDemoTests.swift */ = {isa = PBXFileReference; lastKnownFileType = sourcecode.swift; path = TestDemoTests.swift; sourceTree = "<group>"; };
		6B7B014222F7FC9E003D603E /* Info.plist */ = {isa = PBXFileReference; lastKnownFileType = text.plist.xml; path = Info.plist; sourceTree = "<group>"; };
		6B7B014722F7FC9E003D603E /* TestDemoUITests.xctest */ = {isa = PBXFileReference; explicitFileType = wrapper.cfbundle; includeInIndex = 0; path = TestDemoUITests.xctest; sourceTree = BUILT_PRODUCTS_DIR; };
		6B7B014B22F7FC9E003D603E /* TestDemoUITests.swift */ = {isa = PBXFileReference; lastKnownFileType = sourcecode.swift; path = TestDemoUITests.swift; sourceTree = "<group>"; };
		6B7B014D22F7FC9E003D603E /* Info.plist */ = {isa = PBXFileReference; lastKnownFileType = text.plist.xml; path = Info.plist; sourceTree = "<group>"; };
/* End PBXFileReference section */

/* Begin PBXFrameworksBuildPhase section */
		6B7B012522F7FC9D003D603E /* Frameworks */ = {
			isa = PBXFrameworksBuildPhase;
			buildActionMask = 2147483647;
			files = (
			);
			runOnlyForDeploymentPostprocessing = 0;
		};
		6B7B013922F7FC9E003D603E /* Frameworks */ = {
			isa = PBXFrameworksBuildPhase;
			buildActionMask = 2147483647;
			files = (
			);
			runOnlyForDeploymentPostprocessing = 0;
		};
		6B7B014422F7FC9E003D603E /* Frameworks */ = {
			isa = PBXFrameworksBuildPhase;
			buildActionMask = 2147483647;
			files = (
			);
			runOnlyForDeploymentPostprocessing = 0;
		};
/* End PBXFrameworksBuildPhase section */

/* Begin PBXGroup section */
		6B7B011F22F7FC9D003D603E = {
			isa = PBXGroup;
			children = (
				6B7B012A22F7FC9D003D603E /* TestDemo */,
				6B7B013F22F7FC9E003D603E /* TestDemoTests */,
				6B7B014A22F7FC9E003D603E /* TestDemoUITests */,
				6B7B012922F7FC9D003D603E /* Products */,
			);
			sourceTree = "<group>";
		};
		6B7B012922F7FC9D003D603E /* Products */ = {
			isa = PBXGroup;
			children = (
				6B7B012822F7FC9D003D603E /* TestDemo.app */,
				6B7B013C22F7FC9E003D603E /* TestDemoTests.xctest */,
				6B7B014722F7FC9E003D603E /* TestDemoUITests.xctest */,
			);
			name = Products;
			sourceTree = "<group>";
		};
		6B7B012A22F7FC9D003D603E /* TestDemo */ = {
			isa = PBXGroup;
			children = (
				6B7B012B22F7FC9D003D603E /* AppDelegate.swift */,
				6B7B012D22F7FC9D003D603E /* ViewController.swift */,
				6B7B012F22F7FC9D003D603E /* Main.storyboard */,
				6B7B013222F7FC9E003D603E /* Assets.xcassets */,
				6B7B013422F7FC9E003D603E /* LaunchScreen.storyboard */,
				6B7B013722F7FC9E003D603E /* Info.plist */,
			);
			path = TestDemo;
			sourceTree = "<group>";
		};
		6B7B013F22F7FC9E003D603E /* TestDemoTests */ = {
			isa = PBXGroup;
			children = (
				6B7B014022F7FC9E003D603E /* TestDemoTests.swift */,
				6B7B014222F7FC9E003D603E /* Info.plist */,
			);
			path = TestDemoTests;
			sourceTree = "<group>";
		};
		6B7B014A22F7FC9E003D603E /* TestDemoUITests */ = {
			isa = PBXGroup;
			children = (
				6B7B014B22F7FC9E003D603E /* TestDemoUITests.swift */,
				6B7B014D22F7FC9E003D603E /* Info.plist */,
			);
			path = TestDemoUITests;
			sourceTree = "<group>";
		};
/* End PBXGroup section */

/* Begin PBXNativeTarget section */
		6B7B012722F7FC9D003D603E /* TestDemo */ = {
			isa = PBXNativeTarget;
			buildConfigurationList = 6B7B015022F7FC9E003D603E /* Build configuration list for PBXNativeTarget "TestDemo" */;
			buildPhases = (
				6B7B012422F7FC9D003D603E /* Sources */,
				6B7B012522F7FC9D003D603E /* Frameworks */,
				6B7B012622F7FC9D003D603E /* Resources */,
			);
			buildRules = (
			);
			dependencies = (
			);
			name = TestDemo;
			productName = TestDemo;
			productReference = 6B7B012822F7FC9D003D603E /* TestDemo.app */;
			productType = "com.apple.product-type.application";
		};
		6B7B013B22F7FC9E003D603E /* TestDemoTests */ = {
			isa = PBXNativeTarget;
			buildConfigurationList = 6B7B015322F7FC9E003D603E /* Build configuration list for PBXNativeTarget "TestDemoTests" */;
			buildPhases = (
				6B7B013822F7FC9E003D603E /* Sources */,
				6B7B013922F7FC9E003D603E /* Frameworks */,
				6B7B013A22F7FC9E003D603E /* Resources */,
			);
			buildRules = (
			);
			dependencies = (
				6B7B013E22F7FC9E003D603E /* PBXTargetDependency */,
			);
			name = TestDemoTests;
			productName = TestDemoTests;
			productReference = 6B7B013C22F7FC9E003D603E /* TestDemoTests.xctest */;
			productType = "com.apple.product-type.bundle.unit-test";
		};
		6B7B014622F7FC9E003D603E /* TestDemoUITests */ = {
			isa = PBXNativeTarget;
			buildConfigurationList = 6B7B015622F7FC9E003D603E /* Build configuration list for PBXNativeTarget "TestDemoUITests" */;
			buildPhases = (
				6B7B014322F7FC9E003D603E /* Sources */,
				6B7B014422F7FC9E003D603E /* Frameworks */,
				6B7B014522F7FC9E003D603E /* Resources */,
			);
			buildRules = (
			);
			dependencies = (
				6B7B014922F7FC9E003D603E /* PBXTargetDependency */,
			);
			name = TestDemoUITests;
			productName = TestDemoUITests;
			productReference = 6B7B014722F7FC9E003D603E /* TestDemoUITests.xctest */;
			productType = "com.apple.product-type.bundle.ui-testing";
		};
/* End PBXNativeTarget section */

/* Begin PBXProject section */
		6B7B012022F7FC9D003D603E /* Project object */ = {
			isa = PBXProject;
			attributes = {
				LastSwiftUpdateCheck = 1020;
				LastUpgradeCheck = 1020;
				ORGANIZATIONNAME = PCQ187;
				TargetAttributes = {
					6B7B012722F7FC9D003D603E = {
						CreatedOnToolsVersion = 10.2;
					};
					6B7B013B22F7FC9E003D603E = {
						CreatedOnToolsVersion = 10.2;
						TestTargetID = 6B7B012722F7FC9D003D603E;
					};
					6B7B014622F7FC9E003D603E = {
						CreatedOnToolsVersion = 10.2;
						TestTargetID = 6B7B012722F7FC9D003D603E;
					};
				};
			};
			buildConfigurationList = 6B7B012322F7FC9D003D603E /* Build configuration list for PBXProject "TestDemo" */;
			compatibilityVersion = "Xcode 9.3";
			developmentRegion = en;
			hasScannedForEncodings = 0;
			knownRegions = (
				en,
				Base,
			);
			mainGroup = 6B7B011F22F7FC9D003D603E;
			productRefGroup = 6B7B012922F7FC9D003D603E /* Products */;
			projectDirPath = "";
			projectRoot = "";
			targets = (
				6B7B012722F7FC9D003D603E /* TestDemo */,
				6B7B013B22F7FC9E003D603E /* TestDemoTests */,
				6B7B014622F7FC9E003D603E /* TestDemoUITests */,
			);
		};
/* End PBXProject section */

/* Begin PBXResourcesBuildPhase section */
		6B7B012622F7FC9D003D603E /* Resources */ = {
			isa = PBXResourcesBuildPhase;
			buildActionMask = 2147483647;
			files = (
				6B7B013622F7FC9E003D603E /* LaunchScreen.storyboard in Resources */,
				6B7B013322F7FC9E003D603E /* Assets.xcassets in Resources */,
				6B7B013122F7FC9D003D603E /* Main.storyboard in Resources */,
			);
			runOnlyForDeploymentPostprocessing = 0;
		};
		6B7B013A22F7FC9E003D603E /* Resources */ = {
			isa = PBXResourcesBuildPhase;
			buildActionMask = 2147483647;
			files = (
			);
			runOnlyForDeploymentPostprocessing = 0;
		};
		6B7B014522F7FC9E003D603E /* Resources */ = {
			isa = PBXResourcesBuildPhase;
			buildActionMask = 2147483647;
			files = (
			);
			runOnlyForDeploymentPostprocessing = 0;
		};
/* End PBXResourcesBuildPhase section */

/* Begin PBXSourcesBuildPhase section */
		6B7B012422F7FC9D003D603E /* Sources */ = {
			isa = PBXSourcesBuildPhase;
			buildActionMask = 2147483647;
			files = (
				6B7B012E22F7FC9D003D603E /* ViewController.swift in Sources */,
				6B7B012C22F7FC9D003D603E /* AppDelegate.swift in Sources */,
			);
			runOnlyForDeploymentPostprocessing = 0;
		};
		6B7B013822F7FC9E003D603E /* Sources */ = {
			isa = PBXSourcesBuildPhase;
			buildActionMask = 2147483647;
			files = (
				6B7B014122F7FC9E003D603E /* TestDemoTests.swift in Sources */,
			);
			runOnlyForDeploymentPostprocessing = 0;
		};
		6B7B014322F7FC9E003D603E /* Sources */ = {
			isa = PBXSourcesBuildPhase;
			buildActionMask = 2147483647;
			files = (
				6B7B014C22F7FC9E003D603E /* TestDemoUITests.swift in Sources */,
			);
			runOnlyForDeploymentPostprocessing = 0;
		};
/* End PBXSourcesBuildPhase section */

/* Begin PBXTargetDependency section */
		6B7B013E22F7FC9E003D603E /* PBXTargetDependency */ = {
			isa = PBXTargetDependency;
			target = 6B7B012722F7FC9D003D603E /* TestDemo */;
			targetProxy = 6B7B013D22F7FC9E003D603E /* PBXContainerItemProxy */;
		};
		6B7B014922F7FC9E003D603E /* PBXTargetDependency */ = {
			isa = PBXTargetDependency;
			target = 6B7B012722F7FC9D003D603E /* TestDemo */;
			targetProxy = 6B7B014822F7FC9E003D603E /* PBXContainerItemProxy */;
		};
/* End PBXTargetDependency section */

/* Begin PBXVariantGroup section */
		6B7B012F22F7FC9D003D603E /* Main.storyboard */ = {
			isa = PBXVariantGroup;
			children = (
				6B7B013022F7FC9D003D603E /* Base */,
			);
			name = Main.storyboard;
			sourceTree = "<group>";
		};
		6B7B013422F7FC9E003D603E /* LaunchScreen.storyboard */ = {
			isa = PBXVariantGroup;
			children = (
				6B7B013522F7FC9E003D603E /* Base */,
			);
			name = LaunchScreen.storyboard;
			sourceTree = "<group>";
		};
/* End PBXVariantGroup section */

/* Begin XCBuildConfiguration section */
		6B7B014E22F7FC9E003D603E /* Debug */ = {
			isa = XCBuildConfiguration;
			buildSettings = {
				ALWAYS_SEARCH_USER_PATHS = NO;
				CLANG_ANALYZER_NONNULL = YES;
				CLANG_ANALYZER_NUMBER_OBJECT_CONVERSION = YES_AGGRESSIVE;
				CLANG_CXX_LANGUAGE_STANDARD = "gnu++14";
				CLANG_CXX_LIBRARY = "libc++";
				CLANG_ENABLE_MODULES = YES;
				CLANG_ENABLE_OBJC_ARC = YES;
				CLANG_ENABLE_OBJC_WEAK = YES;
				CLANG_WARN_BLOCK_CAPTURE_AUTORELEASING = YES;
				CLANG_WARN_BOOL_CONVERSION = YES;
				CLANG_WARN_COMMA = YES;
				CLANG_WARN_CONSTANT_CONVERSION = YES;
				CLANG_WARN_DEPRECATED_OBJC_IMPLEMENTATIONS = YES;
				CLANG_WARN_DIRECT_OBJC_ISA_USAGE = YES_ERROR;
				CLANG_WARN_DOCUMENTATION_COMMENTS = YES;
				CLANG_WARN_EMPTY_BODY = YES;
				CLANG_WARN_ENUM_CONVERSION = YES;
				CLANG_WARN_INFINITE_RECURSION = YES;
				CLANG_WARN_INT_CONVERSION = YES;
				CLANG_WARN_NON_LITERAL_NULL_CONVERSION = YES;
				CLANG_WARN_OBJC_IMPLICIT_RETAIN_SELF = YES;
				CLANG_WARN_OBJC_LITERAL_CONVERSION = YES;
				CLANG_WARN_OBJC_ROOT_CLASS = YES_ERROR;
				CLANG_WARN_RANGE_LOOP_ANALYSIS = YES;
				CLANG_WARN_STRICT_PROTOTYPES = YES;
				CLANG_WARN_SUSPICIOUS_MOVE = YES;
				CLANG_WARN_UNGUARDED_AVAILABILITY = YES_AGGRESSIVE;
				CLANG_WARN_UNREACHABLE_CODE = YES;
				CLANG_WARN__DUPLICATE_METHOD_MATCH = YES;
				CODE_SIGN_IDENTITY = "iPhone Developer";
				COPY_PHASE_STRIP = NO;
				DEBUG_INFORMATION_FORMAT = dwarf;
				ENABLE_STRICT_OBJC_MSGSEND = YES;
				ENABLE_TESTABILITY = YES;
				GCC_C_LANGUAGE_STANDARD = gnu11;
				GCC_DYNAMIC_NO_PIC = NO;
				GCC_NO_COMMON_BLOCKS = YES;
				GCC_OPTIMIZATION_LEVEL = 0;
				GCC_PREPROCESSOR_DEFINITIONS = (
					"DEBUG=1",
					"$(inherited)",
				);
				GCC_WARN_64_TO_32_BIT_CONVERSION = YES;
				GCC_WARN_ABOUT_RETURN_TYPE = YES_ERROR;
				GCC_WARN_UNDECLARED_SELECTOR = YES;
				GCC_WARN_UNINITIALIZED_AUTOS = YES_AGGRESSIVE;
				GCC_WARN_UNUSED_FUNCTION = YES;
				GCC_WARN_UNUSED_VARIABLE = YES;
				IPHONEOS_DEPLOYMENT_TARGET = 12.2;
				MTL_ENABLE_DEBUG_INFO = INCLUDE_SOURCE;
				MTL_FAST_MATH = YES;
				ONLY_ACTIVE_ARCH = YES;
				SDKROOT = iphoneos;
				SWIFT_ACTIVE_COMPILATION_CONDITIONS = DEBUG;
				SWIFT_OPTIMIZATION_LEVEL = "-Onone";
			};
			name = Debug;
		};
		6B7B014F22F7FC9E003D603E /* Release */ = {
			isa = XCBuildConfiguration;
			buildSettings = {
				ALWAYS_SEARCH_USER_PATHS = NO;
				CLANG_ANALYZER_NONNULL = YES;
				CLANG_ANALYZER_NUMBER_OBJECT_CONVERSION = YES_AGGRESSIVE;
				CLANG_CXX_LANGUAGE_STANDARD = "gnu++14";
				CLANG_CXX_LIBRARY = "libc++";
				CLANG_ENABLE_MODULES = YES;
				CLANG_ENABLE_OBJC_ARC = YES;
				CLANG_ENABLE_OBJC_WEAK = YES;
				CLANG_WARN_BLOCK_CAPTURE_AUTORELEASING = YES;
				CLANG_WARN_BOOL_CONVERSION = YES;
				CLANG_WARN_COMMA = YES;
				CLANG_WARN_CONSTANT_CONVERSION = YES;
				CLANG_WARN_DEPRECATED_OBJC_IMPLEMENTATIONS = YES;
				CLANG_WARN_DIRECT_OBJC_ISA_USAGE = YES_ERROR;
				CLANG_WARN_DOCUMENTATION_COMMENTS = YES;
				CLANG_WARN_EMPTY_BODY = YES;
				CLANG_WARN_ENUM_CONVERSION = YES;
				CLANG_WARN_INFINITE_RECURSION = YES;
				CLANG_WARN_INT_CONVERSION = YES;
				CLANG_WARN_NON_LITERAL_NULL_CONVERSION = YES;
				CLANG_WARN_OBJC_IMPLICIT_RETAIN_SELF = YES;
				CLANG_WARN_OBJC_LITERAL_CONVERSION = YES;
				CLANG_WARN_OBJC_ROOT_CLASS = YES_ERROR;
				CLANG_WARN_RANGE_LOOP_ANALYSIS = YES;
				CLANG_WARN_STRICT_PROTOTYPES = YES;
				CLANG_WARN_SUSPICIOUS_MOVE = YES;
				CLANG_WARN_UNGUARDED_AVAILABILITY = YES_AGGRESSIVE;
				CLANG_WARN_UNREACHABLE_CODE = YES;
				CLANG_WARN__DUPLICATE_METHOD_MATCH = YES;
				CODE_SIGN_IDENTITY = "iPhone Developer";
				COPY_PHASE_STRIP = NO;
				DEBUG_INFORMATION_FORMAT = "dwarf-with-dsym";
				ENABLE_NS_ASSERTIONS = NO;
				ENABLE_STRICT_OBJC_MSGSEND = YES;
				GCC_C_LANGUAGE_STANDARD = gnu11;
				GCC_NO_COMMON_BLOCKS = YES;
				GCC_WARN_64_TO_32_BIT_CONVERSION = YES;
				GCC_WARN_ABOUT_RETURN_TYPE = YES_ERROR;
				GCC_WARN_UNDECLARED_SELECTOR = YES;
				GCC_WARN_UNINITIALIZED_AUTOS = YES_AGGRESSIVE;
				GCC_WARN_UNUSED_FUNCTION = YES;
				GCC_WARN_UNUSED_VARIABLE = YES;
				IPHONEOS_DEPLOYMENT_TARGET = 12.2;
				MTL_ENABLE_DEBUG_INFO = NO;
				MTL_FAST_MATH = YES;
				SDKROOT = iphoneos;
				SWIFT_COMPILATION_MODE = wholemodule;
				SWIFT_OPTIMIZATION_LEVEL = "-O";
				VALIDATE_PRODUCT = YES;
			};
			name = Release;
		};
		6B7B015122F7FC9E003D603E /* Debug */ = {
			isa = XCBuildConfiguration;
			buildSettings = {
				ASSETCATALOG_COMPILER_APPICON_NAME = AppIcon;
				CODE_SIGN_STYLE = Automatic;
				INFOPLIST_FILE = TestDemo/Info.plist;
				LD_RUNPATH_SEARCH_PATHS = (
					"$(inherited)",
					"@executable_path/Frameworks",
				);
				PRODUCT_BUNDLE_IDENTIFIER = com.pcq187.TestDemo;
				PRODUCT_NAME = "$(TARGET_NAME)";
				SWIFT_VERSION = 5.0;
				TARGETED_DEVICE_FAMILY = "1,2";
			};
			name = Debug;
		};
		6B7B015222F7FC9E003D603E /* Release */ = {
			isa = XCBuildConfiguration;
			buildSettings = {
				ASSETCATALOG_COMPILER_APPICON_NAME = AppIcon;
				CODE_SIGN_STYLE = Automatic;
				INFOPLIST_FILE = TestDemo/Info.plist;
				LD_RUNPATH_SEARCH_PATHS = (
					"$(inherited)",
					"@executable_path/Frameworks",
				);
				PRODUCT_BUNDLE_IDENTIFIER = com.pcq187.TestDemo;
				PRODUCT_NAME = "$(TARGET_NAME)";
				SWIFT_VERSION = 5.0;
				TARGETED_DEVICE_FAMILY = "1,2";
			};
			name = Release;
		};
		6B7B015422F7FC9E003D603E /* Debug */ = {
			isa = XCBuildConfiguration;
			buildSettings = {
				ALWAYS_EMBED_SWIFT_STANDARD_LIBRARIES = YES;
				BUNDLE_LOADER = "$(TEST_HOST)";
				CODE_SIGN_STYLE = Automatic;
				INFOPLIST_FILE = TestDemoTests/Info.plist;
				LD_RUNPATH_SEARCH_PATHS = (
					"$(inherited)",
					"@executable_path/Frameworks",
					"@loader_path/Frameworks",
				);
				PRODUCT_BUNDLE_IDENTIFIER = com.pcq187.TestDemoTests;
				PRODUCT_NAME = "$(TARGET_NAME)";
				SWIFT_VERSION = 5.0;
				TARGETED_DEVICE_FAMILY = "1,2";
				TEST_HOST = "$(BUILT_PRODUCTS_DIR)/TestDemo.app/TestDemo";
			};
			name = Debug;
		};
		6B7B015522F7FC9E003D603E /* Release */ = {
			isa = XCBuildConfiguration;
			buildSettings = {
				ALWAYS_EMBED_SWIFT_STANDARD_LIBRARIES = YES;
				BUNDLE_LOADER = "$(TEST_HOST)";
				CODE_SIGN_STYLE = Automatic;
				INFOPLIST_FILE = TestDemoTests/Info.plist;
				LD_RUNPATH_SEARCH_PATHS = (
					"$(inherited)",
					"@executable_path/Frameworks",
					"@loader_path/Frameworks",
				);
				PRODUCT_BUNDLE_IDENTIFIER = com.pcq187.TestDemoTests;
				PRODUCT_NAME = "$(TARGET_NAME)";
				SWIFT_VERSION = 5.0;
				TARGETED_DEVICE_FAMILY = "1,2";
				TEST_HOST = "$(BUILT_PRODUCTS_DIR)/TestDemo.app/TestDemo";
			};
			name = Release;
		};
		6B7B015722F7FC9E003D603E /* Debug */ = {
			isa = XCBuildConfiguration;
			buildSettings = {
				ALWAYS_EMBED_SWIFT_STANDARD_LIBRARIES = YES;
				CODE_SIGN_STYLE = Automatic;
				INFOPLIST_FILE = TestDemoUITests/Info.plist;
				LD_RUNPATH_SEARCH_PATHS = (
					"$(inherited)",
					"@executable_path/Frameworks",
					"@loader_path/Frameworks",
				);
				PRODUCT_BUNDLE_IDENTIFIER = com.pcq187.TestDemoUITests;
				PRODUCT_NAME = "$(TARGET_NAME)";
				SWIFT_VERSION = 5.0;
				TARGETED_DEVICE_FAMILY = "1,2";
				TEST_TARGET_NAME = TestDemo;
			};
			name = Debug;
		};
		6B7B015822F7FC9E003D603E /* Release */ = {
			isa = XCBuildConfiguration;
			buildSettings = {
				ALWAYS_EMBED_SWIFT_STANDARD_LIBRARIES = YES;
				CODE_SIGN_STYLE = Automatic;
				INFOPLIST_FILE = TestDemoUITests/Info.plist;
				LD_RUNPATH_SEARCH_PATHS = (
					"$(inherited)",
					"@executable_path/Frameworks",
					"@loader_path/Frameworks",
				);
				PRODUCT_BUNDLE_IDENTIFIER = com.pcq187.TestDemoUITests;
				PRODUCT_NAME = "$(TARGET_NAME)";
				SWIFT_VERSION = 5.0;
				TARGETED_DEVICE_FAMILY = "1,2";
				TEST_TARGET_NAME = TestDemo;
			};
			name = Release;
		};
/* End XCBuildConfiguration section */

/* Begin XCConfigurationList section */
		6B7B012322F7FC9D003D603E /* Build configuration list for PBXProject "TestDemo" */ = {
			isa = XCConfigurationList;
			buildConfigurations = (
				6B7B014E22F7FC9E003D603E /* Debug */,
				6B7B014F22F7FC9E003D603E /* Release */,
			);
			defaultConfigurationIsVisible = 0;
			defaultConfigurationName = Release;
		};
		6B7B015022F7FC9E003D603E /* Build configuration list for PBXNativeTarget "TestDemo" */ = {
			isa = XCConfigurationList;
			buildConfigurations = (
				6B7B015122F7FC9E003D603E /* Debug */,
				6B7B015222F7FC9E003D603E /* Release */,
			);
			defaultConfigurationIsVisible = 0;
			defaultConfigurationName = Release;
		};
		6B7B015322F7FC9E003D603E /* Build configuration list for PBXNativeTarget "TestDemoTests" */ = {
			isa = XCConfigurationList;
			buildConfigurations = (
				6B7B015422F7FC9E003D603E /* Debug */,
				6B7B015522F7FC9E003D603E /* Release */,
			);
			defaultConfigurationIsVisible = 0;
			defaultConfigurationName = Release;
		};
		6B7B015622F7FC9E003D603E /* Build configuration list for PBXNativeTarget "TestDemoUITests" */ = {
			isa = XCConfigurationList;
			buildConfigurations = (
				6B7B015722F7FC9E003D603E /* Debug */,
				6B7B015822F7FC9E003D603E /* Release */,
			);
			defaultConfigurationIsVisible = 0;
			defaultConfigurationName = Release;
		};
/* End XCConfigurationList section */
	};
	rootObject = 6B7B012022F7FC9D003D603E /* Project object */;
}
